
Microsoft Visual Studio Solution File, Format Version 12.00
# Visual Studio Version 17
VisualStudioVersion = 17.8.34309.116
MinimumVisualStudioVersion = 10.0.40219.1
Project("{8BC9CEB8-8B4A-11D0-8D11-00A0C91BC942}") = "litepciedrv", "litepciedrv\litepciedrv.vcxproj", "{E83BF3B9-E9D9-4D61-880E-3DAC74774DE0}"
EndProject
Project("{8BC9CEB8-8B4A-11D0-8D11-00A0C91BC942}") = "litepcie_test", "litepcie_test\litepcie_test.vcxproj", "{A7D34859-0B46-4646-A79E-02CC92A5C1F3}"
	ProjectSection(ProjectDependencies) = postProject
		{E83BF3B9-E9D9-4D61-880E-3DAC74774DE0} = {E83BF3B9-E9D9-4D61-880E-3DAC74774DE0}
		{F16DFC82-4AA6-451C-9E5E-0E5E173849E7} = {F16DFC82-4AA6-451C-9E5E-0E5E173849E7}
	EndProjectSection
EndProject
Project("{2150E333-8FDC-42A3-9474-1A3956D46DE8}") = "apps", "apps", "{4D3DCEBF-42BF-42E9-97A6-0F5A948B6326}"
EndProject
Project("{2150E333-8FDC-42A3-9474-1A3956D46DE8}") = "drivers", "drivers", "{4E754DFC-FAF8-4232-9ED4-260038E5E501}"
EndProject
Project("{2150E333-8FDC-42A3-9474-1A3956D46DE8}") = "lib", "lib", "{EF46F76C-02BE-48FF-A81B-13DF8F853AC0}"
EndProject
Project("{8BC9CEB8-8B4A-11D0-8D11-00A0C91BC942}") = "liblitepcie", "liblitepcie\liblitepcie.vcxproj", "{F16DFC82-4AA6-451C-9E5E-0E5E173849E7}"
	ProjectSection(ProjectDependencies) = postProject
		{E83BF3B9-E9D9-4D61-880E-3DAC74774DE0} = {E83BF3B9-E9D9-4D61-880E-3DAC74774DE0}
	EndProjectSection
EndProject
Global
	GlobalSection(SolutionConfigurationPlatforms) = preSolution
		Debug|ARM = Debug|ARM
		Debug|ARM64 = Debug|ARM64
		Debug|x64 = Debug|x64
		Debug|x86 = Debug|x86
		Release|ARM = Release|ARM
		Release|ARM64 = Release|ARM64
		Release|x64 = Release|x64
		Release|x86 = Release|x86
		Test|ARM = Test|ARM
		Test|ARM64 = Test|ARM64
		Test|x64 = Test|x64
		Test|x86 = Test|x86
	EndGlobalSection
	GlobalSection(ProjectConfigurationPlatforms) = postSolution
		{E83BF3B9-E9D9-4D61-880E-3DAC74774DE0}.Debug|ARM.ActiveCfg = Debug|x64
		{E83BF3B9-E9D9-4D61-880E-3DAC74774DE0}.Debug|ARM64.ActiveCfg = Debug|ARM64
		{E83BF3B9-E9D9-4D61-880E-3DAC74774DE0}.Debug|ARM64.Build.0 = Debug|ARM64
		{E83BF3B9-E9D9-4D61-880E-3DAC74774DE0}.Debug|ARM64.Deploy.0 = Debug|ARM64
		{E83BF3B9-E9D9-4D61-880E-3DAC74774DE0}.Debug|x64.ActiveCfg = Debug|x64
		{E83BF3B9-E9D9-4D61-880E-3DAC74774DE0}.Debug|x64.Build.0 = Debug|x64
		{E83BF3B9-E9D9-4D61-880E-3DAC74774DE0}.Debug|x86.ActiveCfg = Debug|x64
		{E83BF3B9-E9D9-4D61-880E-3DAC74774DE0}.Debug|x86.Build.0 = Debug|x64
		{E83BF3B9-E9D9-4D61-880E-3DAC74774DE0}.Debug|x86.Deploy.0 = Debug|x64
		{E83BF3B9-E9D9-4D61-880E-3DAC74774DE0}.Release|ARM.ActiveCfg = Release|x64
		{E83BF3B9-E9D9-4D61-880E-3DAC74774DE0}.Release|ARM64.ActiveCfg = Release|ARM64
		{E83BF3B9-E9D9-4D61-880E-3DAC74774DE0}.Release|ARM64.Build.0 = Release|ARM64
		{E83BF3B9-E9D9-4D61-880E-3DAC74774DE0}.Release|ARM64.Deploy.0 = Release|ARM64
		{E83BF3B9-E9D9-4D61-880E-3DAC74774DE0}.Release|x64.ActiveCfg = Release|x64
		{E83BF3B9-E9D9-4D61-880E-3DAC74774DE0}.Release|x64.Build.0 = Release|x64
		{E83BF3B9-E9D9-4D61-880E-3DAC74774DE0}.Release|x86.ActiveCfg = Release|x64
		{E83BF3B9-E9D9-4D61-880E-3DAC74774DE0}.Release|x86.Build.0 = Release|x64
		{E83BF3B9-E9D9-4D61-880E-3DAC74774DE0}.Release|x86.Deploy.0 = Release|x64
		{E83BF3B9-E9D9-4D61-880E-3DAC74774DE0}.Test|ARM.ActiveCfg = Debug|x64
		{E83BF3B9-E9D9-4D61-880E-3DAC74774DE0}.Test|ARM64.ActiveCfg = Debug|ARM64
		{E83BF3B9-E9D9-4D61-880E-3DAC74774DE0}.Test|ARM64.Build.0 = Debug|ARM64
		{E83BF3B9-E9D9-4D61-880E-3DAC74774DE0}.Test|ARM64.Deploy.0 = Debug|ARM64
		{E83BF3B9-E9D9-4D61-880E-3DAC74774DE0}.Test|x64.ActiveCfg = Debug|x64
		{E83BF3B9-E9D9-4D61-880E-3DAC74774DE0}.Test|x64.Build.0 = Debug|x64
		{E83BF3B9-E9D9-4D61-880E-3DAC74774DE0}.Test|x86.ActiveCfg = Debug|x64
		{E83BF3B9-E9D9-4D61-880E-3DAC74774DE0}.Test|x86.Build.0 = Debug|x64
		{E83BF3B9-E9D9-4D61-880E-3DAC74774DE0}.Test|x86.Deploy.0 = Debug|x64
		{A7D34859-0B46-4646-A79E-02CC92A5C1F3}.Debug|ARM.ActiveCfg = Debug|Win32
		{A7D34859-0B46-4646-A79E-02CC92A5C1F3}.Debug|ARM64.ActiveCfg = Debug|x64
		{A7D34859-0B46-4646-A79E-02CC92A5C1F3}.Debug|ARM64.Build.0 = Debug|x64
		{A7D34859-0B46-4646-A79E-02CC92A5C1F3}.Debug|x64.ActiveCfg = Debug|x64
		{A7D34859-0B46-4646-A79E-02CC92A5C1F3}.Debug|x64.Build.0 = Debug|x64
		{A7D34859-0B46-4646-A79E-02CC92A5C1F3}.Debug|x86.ActiveCfg = Debug|Win32
		{A7D34859-0B46-4646-A79E-02CC92A5C1F3}.Debug|x86.Build.0 = Debug|Win32
		{A7D34859-0B46-4646-A79E-02CC92A5C1F3}.Release|ARM.ActiveCfg = Release|Win32
		{A7D34859-0B46-4646-A79E-02CC92A5C1F3}.Release|ARM64.ActiveCfg = Release|x64
		{A7D34859-0B46-4646-A79E-02CC92A5C1F3}.Release|ARM64.Build.0 = Release|x64
		{A7D34859-0B46-4646-A79E-02CC92A5C1F3}.Release|x64.ActiveCfg = Release|x64
		{A7D34859-0B46-4646-A79E-02CC92A5C1F3}.Release|x64.Build.0 = Release|x64
		{A7D34859-0B46-4646-A79E-02CC92A5C1F3}.Release|x86.ActiveCfg = Release|Win32
		{A7D34859-0B46-4646-A79E-02CC92A5C1F3}.Release|x86.Build.0 = Release|Win32
		{A7D34859-0B46-4646-A79E-02CC92A5C1F3}.Test|ARM.ActiveCfg = Debug|Win32
		{A7D34859-0B46-4646-A79E-02CC92A5C1F3}.Test|ARM64.ActiveCfg = Debug|x64
		{A7D34859-0B46-4646-A79E-02CC92A5C1F3}.Test|ARM64.Build.0 = Debug|x64
		{A7D34859-0B46-4646-A79E-02CC92A5C1F3}.Test|x64.ActiveCfg = Release|x64
		{A7D34859-0B46-4646-A79E-02CC92A5C1F3}.Test|x64.Build.0 = Release|x64
		{A7D34859-0B46-4646-A79E-02CC92A5C1F3}.Test|x86.ActiveCfg = Debug|Win32
		{A7D34859-0B46-4646-A79E-02CC92A5C1F3}.Test|x86.Build.0 = Debug|Win32
		{F16DFC82-4AA6-451C-9E5E-0E5E173849E7}.Debug|ARM.ActiveCfg = Debug|ARM
		{F16DFC82-4AA6-451C-9E5E-0E5E173849E7}.Debug|ARM.Build.0 = Debug|ARM
		{F16DFC82-4AA6-451C-9E5E-0E5E173849E7}.Debug|ARM.Deploy.0 = Debug|ARM
		{F16DFC82-4AA6-451C-9E5E-0E5E173849E7}.Debug|ARM64.ActiveCfg = Debug|ARM64
		{F16DFC82-4AA6-451C-9E5E-0E5E173849E7}.Debug|ARM64.Build.0 = Debug|ARM64
		{F16DFC82-4AA6-451C-9E5E-0E5E173849E7}.Debug|ARM64.Deploy.0 = Debug|ARM64
		{F16DFC82-4AA6-451C-9E5E-0E5E173849E7}.Debug|x64.ActiveCfg = Debug|x64
		{F16DFC82-4AA6-451C-9E5E-0E5E173849E7}.Debug|x64.Build.0 = Debug|x64
		{F16DFC82-4AA6-451C-9E5E-0E5E173849E7}.Debug|x64.Deploy.0 = Debug|x64
		{F16DFC82-4AA6-451C-9E5E-0E5E173849E7}.Debug|x86.ActiveCfg = Debug|Win32
		{F16DFC82-4AA6-451C-9E5E-0E5E173849E7}.Debug|x86.Build.0 = Debug|Win32
		{F16DFC82-4AA6-451C-9E5E-0E5E173849E7}.Debug|x86.Deploy.0 = Debug|Win32
		{F16DFC82-4AA6-451C-9E5E-0E5E173849E7}.Release|ARM.ActiveCfg = Release|ARM
		{F16DFC82-4AA6-451C-9E5E-0E5E173849E7}.Release|ARM.Build.0 = Release|ARM
		{F16DFC82-4AA6-451C-9E5E-0E5E173849E7}.Release|ARM.Deploy.0 = Release|ARM
		{F16DFC82-4AA6-451C-9E5E-0E5E173849E7}.Release|ARM64.ActiveCfg = Release|ARM64
		{F16DFC82-4AA6-451C-9E5E-0E5E173849E7}.Release|ARM64.Build.0 = Release|ARM64
		{F16DFC82-4AA6-451C-9E5E-0E5E173849E7}.Release|ARM64.Deploy.0 = Release|ARM64
		{F16DFC82-4AA6-451C-9E5E-0E5E173849E7}.Release|x64.ActiveCfg = Release|x64
		{F16DFC82-4AA6-451C-9E5E-0E5E173849E7}.Release|x64.Build.0 = Release|x64
		{F16DFC82-4AA6-451C-9E5E-0E5E173849E7}.Release|x64.Deploy.0 = Release|x64
		{F16DFC82-4AA6-451C-9E5E-0E5E173849E7}.Release|x86.ActiveCfg = Release|Win32
		{F16DFC82-4AA6-451C-9E5E-0E5E173849E7}.Release|x86.Build.0 = Release|Win32
		{F16DFC82-4AA6-451C-9E5E-0E5E173849E7}.Release|x86.Deploy.0 = Release|Win32
		{F16DFC82-4AA6-451C-9E5E-0E5E173849E7}.Test|ARM.ActiveCfg = Debug|ARM
		{F16DFC82-4AA6-451C-9E5E-0E5E173849E7}.Test|ARM.Build.0 = Debug|ARM
		{F16DFC82-4AA6-451C-9E5E-0E5E173849E7}.Test|ARM.Deploy.0 = Debug|ARM
		{F16DFC82-4AA6-451C-9E5E-0E5E173849E7}.Test|ARM64.ActiveCfg = Debug|ARM64
		{F16DFC82-4AA6-451C-9E5E-0E5E173849E7}.Test|ARM64.Build.0 = Debug|ARM64
		{F16DFC82-4AA6-451C-9E5E-0E5E173849E7}.Test|ARM64.Deploy.0 = Debug|ARM64
		{F16DFC82-4AA6-451C-9E5E-0E5E173849E7}.Test|x64.ActiveCfg = Debug|x64
		{F16DFC82-4AA6-451C-9E5E-0E5E173849E7}.Test|x64.Build.0 = Debug|x64
		{F16DFC82-4AA6-451C-9E5E-0E5E173849E7}.Test|x64.Deploy.0 = Debug|x64
		{F16DFC82-4AA6-451C-9E5E-0E5E173849E7}.Test|x86.ActiveCfg = Debug|Win32
		{F16DFC82-4AA6-451C-9E5E-0E5E173849E7}.Test|x86.Build.0 = Debug|Win32
		{F16DFC82-4AA6-451C-9E5E-0E5E173849E7}.Test|x86.Deploy.0 = Debug|Win32
	EndGlobalSection
	GlobalSection(SolutionProperties) = preSolution
		HideSolutionNode = FALSE
	EndGlobalSection
	GlobalSection(NestedProjects) = preSolution
		{E83BF3B9-E9D9-4D61-880E-3DAC74774DE0} = {4E754DFC-FAF8-4232-9ED4-260038E5E501}
		{A7D34859-0B46-4646-A79E-02CC92A5C1F3} = {4D3DCEBF-42BF-42E9-97A6-0F5A948B6326}
		{F16DFC82-4AA6-451C-9E5E-0E5E173849E7} = {EF46F76C-02BE-48FF-A81B-13DF8F853AC0}
	EndGlobalSection
	GlobalSection(ExtensibilityGlobals) = postSolution
		SolutionGuid = {5E47CC08-5323-4FF4-B5DC-E8D8C681A951}
	EndGlobalSection
EndGlobal
